
Microsoft Visual Studio Solution File, Format Version 12.00
# Visual Studio Version 17
VisualStudioVersion = 17.14.36203.30
MinimumVisualStudioVersion = 10.0.40219.1
Project("{FAE04EC0-301F-11D3-BF4B-00C04F79EFBC}") = "SNTools", "src\SNTools\SNTools.csproj", "{F30D9FF1-B148-4C29-8E71-F32824621BEC}"
EndProject
Global
	GlobalSection(SolutionConfigurationPlatforms) = preSolution
		GDK|Any CPU = GDK|Any CPU
		Steam|Any CPU = Steam|Any CPU
	EndGlobalSection
	GlobalSection(ProjectConfigurationPlatforms) = postSolution
		{F30D9FF1-B148-4C29-8E71-F32824621BEC}.GDK|Any CPU.ActiveCfg = GDK|Any CPU
		{F30D9FF1-B148-4C29-8E71-F32824621BEC}.GDK|Any CPU.Build.0 = GDK|Any CPU
		{F30D9FF1-B148-4C29-8E71-F32824621BEC}.Steam|Any CPU.ActiveCfg = Steam|Any CPU
		{F30D9FF1-B148-4C29-8E71-F32824621BEC}.Steam|Any CPU.Build.0 = Steam|Any CPU
	EndGlobalSection
	GlobalSection(SolutionProperties) = preSolution
		HideSolutionNode = FALSE
	EndGlobalSection
	GlobalSection(ExtensibilityGlobals) = postSolution
		SolutionGuid = {EA2C0312-7DB6-4B90-A3B5-8CE0A6D6BBE0}
	EndGlobalSection
EndGlobal
